
Microsoft Visual Studio Solution File, Format Version 12.00
# Visual Studio Version 17
VisualStudioVersion = 17.12.35728.132
MinimumVisualStudioVersion = 10.0.40219.1
Project("{FAE04EC0-301F-11D3-BF4B-00C04F79EFBC}") = "SQL-student_survey_analytics_project", "WebApplication3\SQL-student_survey_analytics_project.csproj", "{CE8612F3-07C9-4FAA-9FA5-B1B87CE2A229}"
EndProject
Global
	GlobalSection(SolutionConfigurationPlatforms) = preSolution
		Debug|Any CPU = Debug|Any CPU
		Release|Any CPU = Release|Any CPU
	EndGlobalSection
	GlobalSection(ProjectConfigurationPlatforms) = postSolution
		{CE8612F3-07C9-4FAA-9FA5-B1B87CE2A229}.Debug|Any CPU.ActiveCfg = Debug|Any CPU
		{CE8612F3-07C9-4FAA-9FA5-B1B87CE2A229}.Debug|Any CPU.Build.0 = Debug|Any CPU
		{CE8612F3-07C9-4FAA-9FA5-B1B87CE2A229}.Release|Any CPU.ActiveCfg = Release|Any CPU
		{CE8612F3-07C9-4FAA-9FA5-B1B87CE2A229}.Release|Any CPU.Build.0 = Release|Any CPU
	EndGlobalSection
	GlobalSection(SolutionProperties) = preSolution
		HideSolutionNode = FALSE
	EndGlobalSection
	GlobalSection(ExtensibilityGlobals) = postSolution
		SolutionGuid = {D6C50AB7-F27C-4288-9954-3E7B8215E2F6}
	EndGlobalSection
EndGlobal
